{
    "name": "@angular.studio/clr-login",
    "version": "0.0.18",
    "lockfileVersion": 2,
    "requires": true,
    "packages": {
        "": {
            "name": "@angular.studio/clr-login",
            "version": "0.0.18",
            "dependencies": {
                "tslib": "^2.0.0"
            },
            "peerDependencies": {
                "@angular/common": "^11.2.9",
                "@angular/core": "^11.2.9",
                "@auth0/angular-jwt": "^5.0.2",
                "@clr/core": "^4.0.12",
                "@clr/ui": "^5.1.1"
            }
        },
        "node_modules/@angular/common": {
            "version": "11.2.14",
            "resolved": "https://registry.npmjs.org/@angular/common/-/common-11.2.14.tgz",
            "integrity": "sha512-ZSLV/3j7eCTyLf/8g4yBFLWySjiLz3vLJAGWscYoUpnJWMnug1VRu6zoF/COxCbtORgE+Wz6K0uhfS6MziBGVw==",
            "peer": true,
            "dependencies": {
                "tslib": "^2.0.0"
            },
            "peerDependencies": {
                "@angular/core": "11.2.14",
                "rxjs": "^6.5.3"
            }
        },
        "node_modules/@angular/core": {
            "version": "11.2.14",
            "resolved": "https://registry.npmjs.org/@angular/core/-/core-11.2.14.tgz",
            "integrity": "sha512-vpR4XqBGitk1Faph37CSpemwIYTmJ3pdIVNoHKP6jLonpWu+0azkchf0f7oD8/2ivj2F81opcIw0tcsy/D/5Vg==",
            "peer": true,
            "dependencies": {
                "tslib": "^2.0.0"
            },
            "peerDependencies": {
                "rxjs": "^6.5.3",
                "zone.js": "^0.10.2 || ^0.11.3"
            }
        },
        "node_modules/@auth0/angular-jwt": {
            "version": "5.0.2",
            "resolved": "https://registry.npmjs.org/@auth0/angular-jwt/-/angular-jwt-5.0.2.tgz",
            "integrity": "sha512-rSamC9mu+gUxoR86AXcIo+KD7xRIro+/iu1F2Ld85YAZEVKlpB5vYG+g0yGaEOqjtQWP/i0H6fi6XMGPVHSYYQ==",
            "peer": true,
            "dependencies": {
                "tslib": "^2.0.0"
            },
            "peerDependencies": {
                "@angular/common": ">=9.0.0"
            }
        },
        "node_modules/@cds/core": {
            "resolved": "node_modules/@clr/ui/dist/core",
            "link": true
        },
        "node_modules/@clr/city": {
            "version": "1.1.0",
            "resolved": "https://registry.npmjs.org/@clr/city/-/city-1.1.0.tgz",
            "integrity": "sha512-R+C4uywmXoTD01LINOt3O0cBRviQdbAVNxdVvOyuO3+rM9bvFroF7UZY0R1ue/xvKXlqJrEkNKZQODeKjzaAhA==",
            "optional": true,
            "peer": true
        },
        "node_modules/@clr/core": {
            "version": "4.0.15",
            "resolved": "https://registry.npmjs.org/@clr/core/-/core-4.0.15.tgz",
            "integrity": "sha512-KnUxZGCMcfRu7GdSihHRQPbElYcGwfTey5HkZnIw3KM+o02Ru1cH0jJn7St5+dF9V3RVYryTEdZ66gHQrstFzw==",
            "peer": true,
            "dependencies": {
                "@types/resize-observer-browser": "^0.1.3",
                "lit-element": "^2.3.1",
                "lit-html": "^1.2.1",
                "ramda": "^0.27.0",
                "tslib": "^2.0.0"
            },
            "optionalDependencies": {
                "@clr/city": "^1.1.0",
                "@webcomponents/custom-elements": "^1.4.2",
                "@webcomponents/shadycss": "^1.10.1",
                "@webcomponents/webcomponentsjs": "^2.4.4",
                "css-vars-ponyfill": "^2.3.2",
                "normalize.css": "^8.0.1"
            }
        },
        "node_modules/@clr/icons": {
            "resolved": "node_modules/@clr/ui/dist/icons",
            "link": true
        },
        "node_modules/@clr/ui": {
            "version": "5.4.0",
            "resolved": "https://registry.npmjs.org/@clr/ui/-/ui-5.4.0.tgz",
            "integrity": "sha512-bpD4RDr4Gx1Yyp9ZkRQmTwshPS3VhnYprd0F08OjyvPnYo17ySrMABISgnSYwwFnS0EfNORsBZozCMiFBKh+9g==",
            "peer": true,
            "peerDependencies": {
                "@cds/core": "./dist/core",
                "@clr/icons": "./dist/icons"
            }
        },
        "node_modules/@clr/ui/dist/core": {
            "peer": true
        },
        "node_modules/@clr/ui/dist/icons": {
            "peer": true
        },
        "node_modules/@types/resize-observer-browser": {
            "version": "0.1.5",
            "resolved": "https://registry.npmjs.org/@types/resize-observer-browser/-/resize-observer-browser-0.1.5.tgz",
            "integrity": "sha512-8k/67Z95Goa6Lznuykxkfhq9YU3l1Qe6LNZmwde1u7802a3x8v44oq0j91DICclxatTr0rNnhXx7+VTIetSrSQ==",
            "peer": true
        },
        "node_modules/@webcomponents/custom-elements": {
            "version": "1.4.3",
            "resolved": "https://registry.npmjs.org/@webcomponents/custom-elements/-/custom-elements-1.4.3.tgz",
            "integrity": "sha512-iD0YW46SreUQANGccywK/eC+gZELNHocZZrY2fGwrIlx/biQOTkAF9IohisibHbrmIHmA9pVCIdGwzfO+W0gig==",
            "optional": true,
            "peer": true
        },
        "node_modules/@webcomponents/shadycss": {
            "version": "1.10.2",
            "resolved": "https://registry.npmjs.org/@webcomponents/shadycss/-/shadycss-1.10.2.tgz",
            "integrity": "sha512-9Iseu8bRtecb0klvv+WXZOVZatsRkbaH7M97Z+f+Pt909R4lDfgUODAnra23DOZTpeMTAkVpf4m/FZztN7Ox1A==",
            "optional": true,
            "peer": true
        },
        "node_modules/@webcomponents/webcomponentsjs": {
            "version": "2.5.0",
            "resolved": "https://registry.npmjs.org/@webcomponents/webcomponentsjs/-/webcomponentsjs-2.5.0.tgz",
            "integrity": "sha512-C0l51MWQZ9kLzcxOZtniOMohpIFdCLZum7/TEHv3XWFc1Fvt5HCpbSX84x8ltka/JuNKcuiDnxXFkiB2gaePcg==",
            "optional": true,
            "peer": true
        },
        "node_modules/balanced-match": {
            "version": "1.0.2",
            "resolved": "https://registry.npmjs.org/balanced-match/-/balanced-match-1.0.2.tgz",
            "integrity": "sha512-3oSeUO0TMV67hN1AmbXsK4yaqU7tjiHlbxRDZOpH0KW9+CeX4bRAaX0Anxt0tx2MrpRpWwQaPwIlISEJhYU5Pw==",
            "optional": true,
            "peer": true
        },
        "node_modules/css-vars-ponyfill": {
            "version": "2.4.5",
            "resolved": "https://registry.npmjs.org/css-vars-ponyfill/-/css-vars-ponyfill-2.4.5.tgz",
            "integrity": "sha512-g/iKntsYEzYFTozriPP8GqqfBsgSSSXbR4DQ55+uFb9Yx4ltOaiQUcVm4Rv6IvS39y1n+wQpCUQMErwFJKyk9Q==",
            "optional": true,
            "peer": true,
            "dependencies": {
                "balanced-match": "^1.0.2",
                "get-css-data": "^2.0.2"
            }
        },
        "node_modules/get-css-data": {
            "version": "2.0.2",
            "resolved": "https://registry.npmjs.org/get-css-data/-/get-css-data-2.0.2.tgz",
            "integrity": "sha512-pYqg80/7u/MdBrrAQj2OIoZ08TxEnvCHyU5WFnPxxS/D0S8OpUTkqGFRzn8bO38DmtCuYBpR9VMCen78BL4jiQ==",
            "optional": true,
            "peer": true
        },
        "node_modules/lit-element": {
            "version": "2.5.1",
            "resolved": "https://registry.npmjs.org/lit-element/-/lit-element-2.5.1.tgz",
            "integrity": "sha512-ogu7PiJTA33bEK0xGu1dmaX5vhcRjBXCFexPja0e7P7jqLhTpNKYRPmE+GmiCaRVAbiQKGkUgkh/i6+bh++dPQ==",
            "peer": true,
            "dependencies": {
                "lit-html": "^1.1.1"
            }
        },
        "node_modules/lit-html": {
            "version": "1.4.1",
            "resolved": "https://registry.npmjs.org/lit-html/-/lit-html-1.4.1.tgz",
            "integrity": "sha512-B9btcSgPYb1q4oSOb/PrOT6Z/H+r6xuNzfH4lFli/AWhYwdtrgQkQWBbIc6mdnf6E2IL3gDXdkkqNktpU0OZQA==",
            "peer": true
        },
        "node_modules/normalize.css": {
            "version": "8.0.1",
            "resolved": "https://registry.npmjs.org/normalize.css/-/normalize.css-8.0.1.tgz",
            "integrity": "sha512-qizSNPO93t1YUuUhP22btGOo3chcvDFqFaj2TRybP0DMxkHOCTYwp3n34fel4a31ORXy4m1Xq0Gyqpb5m33qIg==",
            "optional": true,
            "peer": true
        },
        "node_modules/ramda": {
            "version": "0.27.1",
            "resolved": "https://registry.npmjs.org/ramda/-/ramda-0.27.1.tgz",
            "integrity": "sha512-PgIdVpn5y5Yns8vqb8FzBUEYn98V3xcPgawAkkgj0YJ0qDsnHCiNmZYfOGMgOvoB0eWFLpYbhxUR3mxfDIMvpw==",
            "peer": true
        },
        "node_modules/rxjs": {
            "version": "6.6.7",
            "resolved": "https://registry.npmjs.org/rxjs/-/rxjs-6.6.7.tgz",
            "integrity": "sha512-hTdwr+7yYNIT5n4AMYp85KA6yw2Va0FLa3Rguvbpa4W3I5xynaBZo41cM3XM+4Q6fRMj3sBYIR1VAmZMXYJvRQ==",
            "peer": true,
            "dependencies": {
                "tslib": "^1.9.0"
            },
            "engines": {
                "npm": ">=2.0.0"
            }
        },
        "node_modules/rxjs/node_modules/tslib": {
            "version": "1.14.1",
            "resolved": "https://registry.npmjs.org/tslib/-/tslib-1.14.1.tgz",
            "integrity": "sha512-Xni35NKzjgMrwevysHTCArtLDpPvye8zV/0E4EyYn43P7/7qvQwPh9BGkHewbMulVntbigmcT7rdX3BNo9wRJg==",
            "peer": true
        },
        "node_modules/tslib": {
            "version": "2.3.0",
            "resolved": "https://registry.npmjs.org/tslib/-/tslib-2.3.0.tgz",
            "integrity": "sha512-N82ooyxVNm6h1riLCoyS9e3fuJ3AMG2zIZs2Gd1ATcSFjSA23Q0fzjjZeh0jbJvWVDZ0cJT8yaNNaaXHzueNjg=="
        },
        "node_modules/zone.js": {
            "version": "0.11.4",
            "resolved": "https://registry.npmjs.org/zone.js/-/zone.js-0.11.4.tgz",
            "integrity": "sha512-DDh2Ab+A/B+9mJyajPjHFPWfYU1H+pdun4wnnk0OcQTNjem1XQSZ2CDW+rfZEUDjv5M19SBqAkjZi0x5wuB5Qw==",
            "peer": true,
            "dependencies": {
                "tslib": "^2.0.0"
            }
        }
    },
    "dependencies": {
        "@angular/common": {
            "version": "11.2.14",
            "resolved": "https://registry.npmjs.org/@angular/common/-/common-11.2.14.tgz",
            "integrity": "sha512-ZSLV/3j7eCTyLf/8g4yBFLWySjiLz3vLJAGWscYoUpnJWMnug1VRu6zoF/COxCbtORgE+Wz6K0uhfS6MziBGVw==",
            "peer": true,
            "requires": {
                "tslib": "^2.0.0"
            }
        },
        "@angular/core": {
            "version": "11.2.14",
            "resolved": "https://registry.npmjs.org/@angular/core/-/core-11.2.14.tgz",
            "integrity": "sha512-vpR4XqBGitk1Faph37CSpemwIYTmJ3pdIVNoHKP6jLonpWu+0azkchf0f7oD8/2ivj2F81opcIw0tcsy/D/5Vg==",
            "peer": true,
            "requires": {
                "tslib": "^2.0.0"
            }
        },
        "@auth0/angular-jwt": {
            "version": "5.0.2",
            "resolved": "https://registry.npmjs.org/@auth0/angular-jwt/-/angular-jwt-5.0.2.tgz",
            "integrity": "sha512-rSamC9mu+gUxoR86AXcIo+KD7xRIro+/iu1F2Ld85YAZEVKlpB5vYG+g0yGaEOqjtQWP/i0H6fi6XMGPVHSYYQ==",
            "peer": true,
            "requires": {
                "tslib": "^2.0.0"
            }
        },
        "@cds/core": {
            "version": "file:node_modules/@clr/ui/dist/core"
        },
        "@clr/city": {
            "version": "1.1.0",
            "resolved": "https://registry.npmjs.org/@clr/city/-/city-1.1.0.tgz",
            "integrity": "sha512-R+C4uywmXoTD01LINOt3O0cBRviQdbAVNxdVvOyuO3+rM9bvFroF7UZY0R1ue/xvKXlqJrEkNKZQODeKjzaAhA==",
            "optional": true,
            "peer": true
        },
        "@clr/core": {
            "version": "4.0.15",
            "resolved": "https://registry.npmjs.org/@clr/core/-/core-4.0.15.tgz",
            "integrity": "sha512-KnUxZGCMcfRu7GdSihHRQPbElYcGwfTey5HkZnIw3KM+o02Ru1cH0jJn7St5+dF9V3RVYryTEdZ66gHQrstFzw==",
            "peer": true,
            "requires": {
                "@clr/city": "^1.1.0",
                "@types/resize-observer-browser": "^0.1.3",
                "@webcomponents/custom-elements": "^1.4.2",
                "@webcomponents/shadycss": "^1.10.1",
                "@webcomponents/webcomponentsjs": "^2.4.4",
                "css-vars-ponyfill": "^2.3.2",
                "lit-element": "^2.3.1",
                "lit-html": "^1.2.1",
                "normalize.css": "^8.0.1",
                "ramda": "^0.27.0",
                "tslib": "^2.0.0"
            }
        },
        "@clr/icons": {
            "version": "file:node_modules/@clr/ui/dist/icons"
        },
        "@clr/ui": {
            "version": "5.4.0",
            "resolved": "https://registry.npmjs.org/@clr/ui/-/ui-5.4.0.tgz",
            "integrity": "sha512-bpD4RDr4Gx1Yyp9ZkRQmTwshPS3VhnYprd0F08OjyvPnYo17ySrMABISgnSYwwFnS0EfNORsBZozCMiFBKh+9g==",
            "peer": true,
            "requires": {}
        },
        "@types/resize-observer-browser": {
            "version": "0.1.5",
            "resolved": "https://registry.npmjs.org/@types/resize-observer-browser/-/resize-observer-browser-0.1.5.tgz",
            "integrity": "sha512-8k/67Z95Goa6Lznuykxkfhq9YU3l1Qe6LNZmwde1u7802a3x8v44oq0j91DICclxatTr0rNnhXx7+VTIetSrSQ==",
            "peer": true
        },
        "@webcomponents/custom-elements": {
            "version": "1.4.3",
            "resolved": "https://registry.npmjs.org/@webcomponents/custom-elements/-/custom-elements-1.4.3.tgz",
            "integrity": "sha512-iD0YW46SreUQANGccywK/eC+gZELNHocZZrY2fGwrIlx/biQOTkAF9IohisibHbrmIHmA9pVCIdGwzfO+W0gig==",
            "optional": true,
            "peer": true
        },
        "@webcomponents/shadycss": {
            "version": "1.10.2",
            "resolved": "https://registry.npmjs.org/@webcomponents/shadycss/-/shadycss-1.10.2.tgz",
            "integrity": "sha512-9Iseu8bRtecb0klvv+WXZOVZatsRkbaH7M97Z+f+Pt909R4lDfgUODAnra23DOZTpeMTAkVpf4m/FZztN7Ox1A==",
            "optional": true,
            "peer": true
        },
        "@webcomponents/webcomponentsjs": {
            "version": "2.5.0",
            "resolved": "https://registry.npmjs.org/@webcomponents/webcomponentsjs/-/webcomponentsjs-2.5.0.tgz",
            "integrity": "sha512-C0l51MWQZ9kLzcxOZtniOMohpIFdCLZum7/TEHv3XWFc1Fvt5HCpbSX84x8ltka/JuNKcuiDnxXFkiB2gaePcg==",
            "optional": true,
            "peer": true
        },
        "balanced-match": {
            "version": "1.0.2",
            "resolved": "https://registry.npmjs.org/balanced-match/-/balanced-match-1.0.2.tgz",
            "integrity": "sha512-3oSeUO0TMV67hN1AmbXsK4yaqU7tjiHlbxRDZOpH0KW9+CeX4bRAaX0Anxt0tx2MrpRpWwQaPwIlISEJhYU5Pw==",
            "optional": true,
            "peer": true
        },
        "css-vars-ponyfill": {
            "version": "2.4.5",
            "resolved": "https://registry.npmjs.org/css-vars-ponyfill/-/css-vars-ponyfill-2.4.5.tgz",
            "integrity": "sha512-g/iKntsYEzYFTozriPP8GqqfBsgSSSXbR4DQ55+uFb9Yx4ltOaiQUcVm4Rv6IvS39y1n+wQpCUQMErwFJKyk9Q==",
            "optional": true,
            "peer": true,
            "requires": {
                "balanced-match": "^1.0.2",
                "get-css-data": "^2.0.2"
            }
        },
        "get-css-data": {
            "version": "2.0.2",
            "resolved": "https://registry.npmjs.org/get-css-data/-/get-css-data-2.0.2.tgz",
            "integrity": "sha512-pYqg80/7u/MdBrrAQj2OIoZ08TxEnvCHyU5WFnPxxS/D0S8OpUTkqGFRzn8bO38DmtCuYBpR9VMCen78BL4jiQ==",
            "optional": true,
            "peer": true
        },
        "lit-element": {
            "version": "2.5.1",
            "resolved": "https://registry.npmjs.org/lit-element/-/lit-element-2.5.1.tgz",
            "integrity": "sha512-ogu7PiJTA33bEK0xGu1dmaX5vhcRjBXCFexPja0e7P7jqLhTpNKYRPmE+GmiCaRVAbiQKGkUgkh/i6+bh++dPQ==",
            "peer": true,
            "requires": {
                "lit-html": "^1.1.1"
            }
        },
        "lit-html": {
            "version": "1.4.1",
            "resolved": "https://registry.npmjs.org/lit-html/-/lit-html-1.4.1.tgz",
            "integrity": "sha512-B9btcSgPYb1q4oSOb/PrOT6Z/H+r6xuNzfH4lFli/AWhYwdtrgQkQWBbIc6mdnf6E2IL3gDXdkkqNktpU0OZQA==",
            "peer": true
        },
        "normalize.css": {
            "version": "8.0.1",
            "resolved": "https://registry.npmjs.org/normalize.css/-/normalize.css-8.0.1.tgz",
            "integrity": "sha512-qizSNPO93t1YUuUhP22btGOo3chcvDFqFaj2TRybP0DMxkHOCTYwp3n34fel4a31ORXy4m1Xq0Gyqpb5m33qIg==",
            "optional": true,
            "peer": true
        },
        "ramda": {
            "version": "0.27.1",
            "resolved": "https://registry.npmjs.org/ramda/-/ramda-0.27.1.tgz",
            "integrity": "sha512-PgIdVpn5y5Yns8vqb8FzBUEYn98V3xcPgawAkkgj0YJ0qDsnHCiNmZYfOGMgOvoB0eWFLpYbhxUR3mxfDIMvpw==",
            "peer": true
        },
        "rxjs": {
            "version": "6.6.7",
            "resolved": "https://registry.npmjs.org/rxjs/-/rxjs-6.6.7.tgz",
            "integrity": "sha512-hTdwr+7yYNIT5n4AMYp85KA6yw2Va0FLa3Rguvbpa4W3I5xynaBZo41cM3XM+4Q6fRMj3sBYIR1VAmZMXYJvRQ==",
            "peer": true,
            "requires": {
                "tslib": "^1.9.0"
            },
            "dependencies": {
                "tslib": {
                    "version": "1.14.1",
                    "resolved": "https://registry.npmjs.org/tslib/-/tslib-1.14.1.tgz",
                    "integrity": "sha512-Xni35NKzjgMrwevysHTCArtLDpPvye8zV/0E4EyYn43P7/7qvQwPh9BGkHewbMulVntbigmcT7rdX3BNo9wRJg==",
                    "peer": true
                }
            }
        },
        "tslib": {
            "version": "2.3.0",
            "resolved": "https://registry.npmjs.org/tslib/-/tslib-2.3.0.tgz",
            "integrity": "sha512-N82ooyxVNm6h1riLCoyS9e3fuJ3AMG2zIZs2Gd1ATcSFjSA23Q0fzjjZeh0jbJvWVDZ0cJT8yaNNaaXHzueNjg=="
        },
        "zone.js": {
            "version": "0.11.4",
            "resolved": "https://registry.npmjs.org/zone.js/-/zone.js-0.11.4.tgz",
            "integrity": "sha512-DDh2Ab+A/B+9mJyajPjHFPWfYU1H+pdun4wnnk0OcQTNjem1XQSZ2CDW+rfZEUDjv5M19SBqAkjZi0x5wuB5Qw==",
            "peer": true,
            "requires": {
                "tslib": "^2.0.0"
            }
        }
    }
}
