# THIS IS AN AUTOGENERATED FILE. DO NOT EDIT THIS FILE DIRECTLY.
# yarn lockfile v1


"@angular.studio/toolbar@^0.0.3":
  version "0.0.3"
  resolved "https://registry.npmjs.org/@angular.studio/toolbar/-/toolbar-0.0.3.tgz#4400d55b459c5a4736edded8cacea523abfc7d3c"
  integrity sha512-TV48zR6vKtGU+jk238kUMBFyuJBn4jwb3FEtw+pKWf6PZdI8D8U1LGBn+UNthpWH1MSHi1MMTYDyuywEir/C0Q==

"@angular/cdk@^9.1.0":
  version "9.1.0"
  resolved "https://registry.npmjs.org/@angular/cdk/-/cdk-9.1.0.tgz#da88568aed9efc39b160a0ac18cfca25f4961441"
  integrity sha512-qKpAudJx9z0MD+ADptS0OZViJBTA49+JCKym0hPQUkcB9Po4Al6gu6oZ1VSXV5Ln3T84z9aAw/AhUGP/YCFNSQ==
  optionalDependencies:
    parse5 "^5.0.0"

"@angular/material@^9.1.0":
  version "9.1.0"
  resolved "https://registry.npmjs.org/@angular/material/-/material-9.1.0.tgz#550cbf7f6a9ce679b77435278faebfc4f2a3b2ed"
  integrity sha512-KjA1ARoZ1vBg4jUH1y39muynxAFvkD8QZFGKH8Nh4zXW5pOP/7NyjokxXsNx5qSBCq/6ac2xBxCrCYJN7HmoDw==

parse5@^5.0.0:
  version "5.1.1"
  resolved "https://registry.npmjs.org/parse5/-/parse5-5.1.1.tgz#f68e4e5ba1852ac2cadc00f4555fff6c2abb6178"
  integrity sha512-ugq4DFI0Ptb+WWjAdOK16+u/nHfiIrcE+sh8kZMaM0WllQKLI9rOUq6c2b7cwPkXdzfQESqvoqK6ug7U/Yyzug==
